
Microsoft Visual Studio Solution File, Format Version 12.00
Project("{FAE04EC0-301F-11D3-BF4B-00C04F79EFBC}") = "TesteBackend", "TesteBackend\TesteBackend.csproj", "{4493BBAC-B151-4334-859B-77986C7C2253}"
EndProject
Global
	GlobalSection(SolutionConfigurationPlatforms) = preSolution
		Debug|Any CPU = Debug|Any CPU
		Release|Any CPU = Release|Any CPU
	EndGlobalSection
	GlobalSection(ProjectConfigurationPlatforms) = postSolution
		{4493BBAC-B151-4334-859B-77986C7C2253}.Debug|Any CPU.ActiveCfg = Debug|Any CPU
		{4493BBAC-B151-4334-859B-77986C7C2253}.Debug|Any CPU.Build.0 = Debug|Any CPU
		{4493BBAC-B151-4334-859B-77986C7C2253}.Release|Any CPU.ActiveCfg = Release|Any CPU
		{4493BBAC-B151-4334-859B-77986C7C2253}.Release|Any CPU.Build.0 = Release|Any CPU
	EndGlobalSection
EndGlobal
